
Microsoft Visual Studio Solution File, Format Version 12.00
# Visual Studio Version 17
VisualStudioVersion = 17.0.31903.59
MinimumVisualStudioVersion = 10.0.40219.1
Project("{2150E333-8FDC-42A3-9474-1A3956D46DE8}") = "src", "src", "{827E0CD3-B72D-47B6-A68D-7590B98EB39B}"
EndProject
Project("{FAE04EC0-301F-11D3-BF4B-00C04F79EFBC}") = "Aspose.Slides.Foss", "src\Aspose.Slides.Foss\Aspose.Slides.Foss.csproj", "{C7C4AFB5-4DBA-4EFA-AE63-DF37F31FC138}"
EndProject
Project("{2150E333-8FDC-42A3-9474-1A3956D46DE8}") = "tests", "tests", "{0AB3BF05-4346-4AA6-1389-037BE0695223}"
EndProject
Project("{FAE04EC0-301F-11D3-BF4B-00C04F79EFBC}") = "Aspose.Slides.Foss.Tests", "tests\Aspose.Slides.Foss.Tests\Aspose.Slides.Foss.Tests.csproj", "{787FA144-9022-4C4E-AC19-67CD6891207B}"
EndProject
Project("{FAE04EC0-301F-11D3-BF4B-00C04F79EFBC}") = "Aspose.Slides.Foss.IntegrationTests", "tests\Aspose.Slides.Foss.IntegrationTests\Aspose.Slides.Foss.IntegrationTests.csproj", "{04E639A3-1F7A-4DD2-8B54-EA2ACE945C9E}"
EndProject
Project("{FAE04EC0-301F-11D3-BF4B-00C04F79EFBC}") = "Aspose.Slides.Foss.ConformanceTests", "tests\Aspose.Slides.Foss.ConformanceTests\Aspose.Slides.Foss.ConformanceTests.csproj", "{56E70DC6-C4A1-4B69-A572-70115AD0B22B}"
EndProject
Global
	GlobalSection(SolutionConfigurationPlatforms) = preSolution
		Debug|Any CPU = Debug|Any CPU
		Debug|x64 = Debug|x64
		Debug|x86 = Debug|x86
		Release|Any CPU = Release|Any CPU
		Release|x64 = Release|x64
		Release|x86 = Release|x86
	EndGlobalSection
	GlobalSection(ProjectConfigurationPlatforms) = postSolution
		{C7C4AFB5-4DBA-4EFA-AE63-DF37F31FC138}.Debug|Any CPU.ActiveCfg = Debug|Any CPU
		{C7C4AFB5-4DBA-4EFA-AE63-DF37F31FC138}.Debug|Any CPU.Build.0 = Debug|Any CPU
		{C7C4AFB5-4DBA-4EFA-AE63-DF37F31FC138}.Debug|x64.ActiveCfg = Debug|Any CPU
		{C7C4AFB5-4DBA-4EFA-AE63-DF37F31FC138}.Debug|x64.Build.0 = Debug|Any CPU
		{C7C4AFB5-4DBA-4EFA-AE63-DF37F31FC138}.Debug|x86.ActiveCfg = Debug|Any CPU
		{C7C4AFB5-4DBA-4EFA-AE63-DF37F31FC138}.Debug|x86.Build.0 = Debug|Any CPU
		{C7C4AFB5-4DBA-4EFA-AE63-DF37F31FC138}.Release|Any CPU.ActiveCfg = Release|Any CPU
		{C7C4AFB5-4DBA-4EFA-AE63-DF37F31FC138}.Release|Any CPU.Build.0 = Release|Any CPU
		{C7C4AFB5-4DBA-4EFA-AE63-DF37F31FC138}.Release|x64.ActiveCfg = Release|Any CPU
		{C7C4AFB5-4DBA-4EFA-AE63-DF37F31FC138}.Release|x64.Build.0 = Release|Any CPU
		{C7C4AFB5-4DBA-4EFA-AE63-DF37F31FC138}.Release|x86.ActiveCfg = Release|Any CPU
		{C7C4AFB5-4DBA-4EFA-AE63-DF37F31FC138}.Release|x86.Build.0 = Release|Any CPU
		{787FA144-9022-4C4E-AC19-67CD6891207B}.Debug|Any CPU.ActiveCfg = Debug|Any CPU
		{787FA144-9022-4C4E-AC19-67CD6891207B}.Debug|Any CPU.Build.0 = Debug|Any CPU
		{787FA144-9022-4C4E-AC19-67CD6891207B}.Debug|x64.ActiveCfg = Debug|Any CPU
		{787FA144-9022-4C4E-AC19-67CD6891207B}.Debug|x64.Build.0 = Debug|Any CPU
		{787FA144-9022-4C4E-AC19-67CD6891207B}.Debug|x86.ActiveCfg = Debug|Any CPU
		{787FA144-9022-4C4E-AC19-67CD6891207B}.Debug|x86.Build.0 = Debug|Any CPU
		{787FA144-9022-4C4E-AC19-67CD6891207B}.Release|Any CPU.ActiveCfg = Release|Any CPU
		{787FA144-9022-4C4E-AC19-67CD6891207B}.Release|Any CPU.Build.0 = Release|Any CPU
		{787FA144-9022-4C4E-AC19-67CD6891207B}.Release|x64.ActiveCfg = Release|Any CPU
		{787FA144-9022-4C4E-AC19-67CD6891207B}.Release|x64.Build.0 = Release|Any CPU
		{787FA144-9022-4C4E-AC19-67CD6891207B}.Release|x86.ActiveCfg = Release|Any CPU
		{787FA144-9022-4C4E-AC19-67CD6891207B}.Release|x86.Build.0 = Release|Any CPU
		{04E639A3-1F7A-4DD2-8B54-EA2ACE945C9E}.Debug|Any CPU.ActiveCfg = Debug|Any CPU
		{04E639A3-1F7A-4DD2-8B54-EA2ACE945C9E}.Debug|Any CPU.Build.0 = Debug|Any CPU
		{04E639A3-1F7A-4DD2-8B54-EA2ACE945C9E}.Debug|x64.ActiveCfg = Debug|Any CPU
		{04E639A3-1F7A-4DD2-8B54-EA2ACE945C9E}.Debug|x64.Build.0 = Debug|Any CPU
		{04E639A3-1F7A-4DD2-8B54-EA2ACE945C9E}.Debug|x86.ActiveCfg = Debug|Any CPU
		{04E639A3-1F7A-4DD2-8B54-EA2ACE945C9E}.Debug|x86.Build.0 = Debug|Any CPU
		{04E639A3-1F7A-4DD2-8B54-EA2ACE945C9E}.Release|Any CPU.ActiveCfg = Release|Any CPU
		{04E639A3-1F7A-4DD2-8B54-EA2ACE945C9E}.Release|Any CPU.Build.0 = Release|Any CPU
		{04E639A3-1F7A-4DD2-8B54-EA2ACE945C9E}.Release|x64.ActiveCfg = Release|Any CPU
		{04E639A3-1F7A-4DD2-8B54-EA2ACE945C9E}.Release|x64.Build.0 = Release|Any CPU
		{04E639A3-1F7A-4DD2-8B54-EA2ACE945C9E}.Release|x86.ActiveCfg = Release|Any CPU
		{04E639A3-1F7A-4DD2-8B54-EA2ACE945C9E}.Release|x86.Build.0 = Release|Any CPU
		{56E70DC6-C4A1-4B69-A572-70115AD0B22B}.Debug|Any CPU.ActiveCfg = Debug|Any CPU
		{56E70DC6-C4A1-4B69-A572-70115AD0B22B}.Debug|Any CPU.Build.0 = Debug|Any CPU
		{56E70DC6-C4A1-4B69-A572-70115AD0B22B}.Debug|x64.ActiveCfg = Debug|Any CPU
		{56E70DC6-C4A1-4B69-A572-70115AD0B22B}.Debug|x64.Build.0 = Debug|Any CPU
		{56E70DC6-C4A1-4B69-A572-70115AD0B22B}.Debug|x86.ActiveCfg = Debug|Any CPU
		{56E70DC6-C4A1-4B69-A572-70115AD0B22B}.Debug|x86.Build.0 = Debug|Any CPU
		{56E70DC6-C4A1-4B69-A572-70115AD0B22B}.Release|Any CPU.ActiveCfg = Release|Any CPU
		{56E70DC6-C4A1-4B69-A572-70115AD0B22B}.Release|Any CPU.Build.0 = Release|Any CPU
		{56E70DC6-C4A1-4B69-A572-70115AD0B22B}.Release|x64.ActiveCfg = Release|Any CPU
		{56E70DC6-C4A1-4B69-A572-70115AD0B22B}.Release|x64.Build.0 = Release|Any CPU
		{56E70DC6-C4A1-4B69-A572-70115AD0B22B}.Release|x86.ActiveCfg = Release|Any CPU
		{56E70DC6-C4A1-4B69-A572-70115AD0B22B}.Release|x86.Build.0 = Release|Any CPU
	EndGlobalSection
	GlobalSection(SolutionProperties) = preSolution
		HideSolutionNode = FALSE
	EndGlobalSection
	GlobalSection(NestedProjects) = preSolution
		{C7C4AFB5-4DBA-4EFA-AE63-DF37F31FC138} = {827E0CD3-B72D-47B6-A68D-7590B98EB39B}
		{787FA144-9022-4C4E-AC19-67CD6891207B} = {0AB3BF05-4346-4AA6-1389-037BE0695223}
		{04E639A3-1F7A-4DD2-8B54-EA2ACE945C9E} = {0AB3BF05-4346-4AA6-1389-037BE0695223}
		{56E70DC6-C4A1-4B69-A572-70115AD0B22B} = {0AB3BF05-4346-4AA6-1389-037BE0695223}
	EndGlobalSection
EndGlobal
